
Microsoft Visual Studio Solution File, Format Version 12.00
# Visual Studio 15
VisualStudioVersion = 15.0.28307.1267
MinimumVisualStudioVersion = 10.0.40219.1
Project("{8BC9CEB8-8B4A-11D0-8D11-00A0C91BC942}") = "cuda5", "cuda5\cuda5.vcxproj", "{933F644C-4025-4F0C-AA9E-CFB886893F97}"
EndProject
Global
	GlobalSection(SolutionConfigurationPlatforms) = preSolution
		Debug|x64 = Debug|x64
		Release|x64 = Release|x64
	EndGlobalSection
	GlobalSection(ProjectConfigurationPlatforms) = postSolution
		{933F644C-4025-4F0C-AA9E-CFB886893F97}.Debug|x64.ActiveCfg = Debug|x64
		{933F644C-4025-4F0C-AA9E-CFB886893F97}.Debug|x64.Build.0 = Debug|x64
		{933F644C-4025-4F0C-AA9E-CFB886893F97}.Release|x64.ActiveCfg = Release|x64
		{933F644C-4025-4F0C-AA9E-CFB886893F97}.Release|x64.Build.0 = Release|x64
	EndGlobalSection
	GlobalSection(SolutionProperties) = preSolution
		HideSolutionNode = FALSE
	EndGlobalSection
	GlobalSection(ExtensibilityGlobals) = postSolution
		SolutionGuid = {C1FDE229-62C5-4C35-A044-2DCCB058CCB8}
	EndGlobalSection
EndGlobal
